# THIS IS AN AUTOGENERATED FILE. DO NOT EDIT THIS FILE DIRECTLY.
# yarn lockfile v1


pnpm@^7.22.0:
  version "7.22.0"
  resolved "https://registry.yarnpkg.com/pnpm/-/pnpm-7.22.0.tgz#78d70f7165f4441264503902f9aaa7521dfbe22b"
  integrity sha512-dkhne1O1ktNz/Cn/GZU5wnjhP/aNEfmJGW5UdILyDnptgw84jauOf2Mk5jTe3gp4OZWZN1szcBrjyOZ7Uxxilw==
